
Microsoft Visual Studio Solution File, Format Version 12.00
# Visual Studio 15
VisualStudioVersion = 15.0.28307.438
MinimumVisualStudioVersion = 10.0.40219.1
Project("{FAE04EC0-301F-11D3-BF4B-00C04F79EFBC}") = "San Administration", "San Administration\San Administration.csproj", "{B56969FE-04FA-4FBC-9451-9433DB6301CD}"
EndProject
Global
	GlobalSection(SolutionConfigurationPlatforms) = preSolution
		Debug|Any CPU = Debug|Any CPU
		Release|Any CPU = Release|Any CPU
	EndGlobalSection
	GlobalSection(ProjectConfigurationPlatforms) = postSolution
		{B56969FE-04FA-4FBC-9451-9433DB6301CD}.Debug|Any CPU.ActiveCfg = Debug|Any CPU
		{B56969FE-04FA-4FBC-9451-9433DB6301CD}.Debug|Any CPU.Build.0 = Debug|Any CPU
		{B56969FE-04FA-4FBC-9451-9433DB6301CD}.Release|Any CPU.ActiveCfg = Release|Any CPU
		{B56969FE-04FA-4FBC-9451-9433DB6301CD}.Release|Any CPU.Build.0 = Release|Any CPU
	EndGlobalSection
	GlobalSection(SolutionProperties) = preSolution
		HideSolutionNode = FALSE
	EndGlobalSection
	GlobalSection(ExtensibilityGlobals) = postSolution
		SolutionGuid = {01F25608-388D-4F70-89E4-51B4A70E5956}
	EndGlobalSection
EndGlobal
